
Microsoft Visual Studio Solution File, Format Version 12.00
# Visual Studio 15
VisualStudioVersion = 15.0.26730.12
MinimumVisualStudioVersion = 10.0.40219.1
Project("{FAE04EC0-301F-11D3-BF4B-00C04F79EFBC}") = "Client", "Client\Client.csproj", "{271857ED-0E49-4012-93D2-3E05E38F5E04}"
EndProject
Project("{FAE04EC0-301F-11D3-BF4B-00C04F79EFBC}") = "Server", "Server\Server.csproj", "{3ECBCAD8-D6AB-4DBD-94C6-E50ADE09E79E}"
EndProject
Project("{FAE04EC0-301F-11D3-BF4B-00C04F79EFBC}") = "4Gewinnt-Programm", "4Gewinnt-Programm\4Gewinnt-Programm.csproj", "{42C449DD-379C-4964-B2C0-126420519C6D}"
EndProject
Global
	GlobalSection(SolutionConfigurationPlatforms) = preSolution
		Debug|Any CPU = Debug|Any CPU
		Release|Any CPU = Release|Any CPU
	EndGlobalSection
	GlobalSection(ProjectConfigurationPlatforms) = postSolution
		{271857ED-0E49-4012-93D2-3E05E38F5E04}.Debug|Any CPU.ActiveCfg = Debug|Any CPU
		{271857ED-0E49-4012-93D2-3E05E38F5E04}.Debug|Any CPU.Build.0 = Debug|Any CPU
		{271857ED-0E49-4012-93D2-3E05E38F5E04}.Release|Any CPU.ActiveCfg = Release|Any CPU
		{271857ED-0E49-4012-93D2-3E05E38F5E04}.Release|Any CPU.Build.0 = Release|Any CPU
		{3ECBCAD8-D6AB-4DBD-94C6-E50ADE09E79E}.Debug|Any CPU.ActiveCfg = Debug|Any CPU
		{3ECBCAD8-D6AB-4DBD-94C6-E50ADE09E79E}.Debug|Any CPU.Build.0 = Debug|Any CPU
		{3ECBCAD8-D6AB-4DBD-94C6-E50ADE09E79E}.Release|Any CPU.ActiveCfg = Release|Any CPU
		{3ECBCAD8-D6AB-4DBD-94C6-E50ADE09E79E}.Release|Any CPU.Build.0 = Release|Any CPU
		{42C449DD-379C-4964-B2C0-126420519C6D}.Debug|Any CPU.ActiveCfg = Debug|Any CPU
		{42C449DD-379C-4964-B2C0-126420519C6D}.Debug|Any CPU.Build.0 = Debug|Any CPU
		{42C449DD-379C-4964-B2C0-126420519C6D}.Release|Any CPU.ActiveCfg = Release|Any CPU
		{42C449DD-379C-4964-B2C0-126420519C6D}.Release|Any CPU.Build.0 = Release|Any CPU
	EndGlobalSection
	GlobalSection(SolutionProperties) = preSolution
		HideSolutionNode = FALSE
	EndGlobalSection
	GlobalSection(ExtensibilityGlobals) = postSolution
		SolutionGuid = {4B8292AA-EAB5-4F03-A67B-B03985F05C52}
	EndGlobalSection
EndGlobal
